
Microsoft Visual Studio Solution File, Format Version 12.00
# Visual Studio Version 16
VisualStudioVersion = 16.0.31105.61
MinimumVisualStudioVersion = 10.0.40219.1
Project("{FAE04EC0-301F-11D3-BF4B-00C04F79EFBC}") = "Exam 13", "Exam 13\Exam 13.csproj", "{D0C914B8-D21B-44C8-998A-AB881BD637DB}"
EndProject
Global
	GlobalSection(SolutionConfigurationPlatforms) = preSolution
		Debug|Any CPU = Debug|Any CPU
		Release|Any CPU = Release|Any CPU
	EndGlobalSection
	GlobalSection(ProjectConfigurationPlatforms) = postSolution
		{D0C914B8-D21B-44C8-998A-AB881BD637DB}.Debug|Any CPU.ActiveCfg = Debug|Any CPU
		{D0C914B8-D21B-44C8-998A-AB881BD637DB}.Debug|Any CPU.Build.0 = Debug|Any CPU
		{D0C914B8-D21B-44C8-998A-AB881BD637DB}.Release|Any CPU.ActiveCfg = Release|Any CPU
		{D0C914B8-D21B-44C8-998A-AB881BD637DB}.Release|Any CPU.Build.0 = Release|Any CPU
	EndGlobalSection
	GlobalSection(SolutionProperties) = preSolution
		HideSolutionNode = FALSE
	EndGlobalSection
	GlobalSection(ExtensibilityGlobals) = postSolution
		SolutionGuid = {195AD495-AC2A-4F8A-A1C9-5EAFB138EFDC}
	EndGlobalSection
EndGlobal
